
Microsoft Visual Studio Solution File, Format Version 12.00
# Visual Studio Version 17
VisualStudioVersion = 17.3.32505.426
MinimumVisualStudioVersion = 10.0.40219.1
Project("{FAE04EC0-301F-11D3-BF4B-00C04F79EFBC}") = "EmployeesViewer", "EmployeesViewer.csproj", "{7AC668B2-AC0B-431B-A793-00CADFFC8CCD}"
EndProject
Global
	GlobalSection(SolutionConfigurationPlatforms) = preSolution
		Debug|Any CPU = Debug|Any CPU
		Release|Any CPU = Release|Any CPU
	EndGlobalSection
	GlobalSection(ProjectConfigurationPlatforms) = postSolution
		{7AC668B2-AC0B-431B-A793-00CADFFC8CCD}.Debug|Any CPU.ActiveCfg = Debug|Any CPU
		{7AC668B2-AC0B-431B-A793-00CADFFC8CCD}.Debug|Any CPU.Build.0 = Debug|Any CPU
		{7AC668B2-AC0B-431B-A793-00CADFFC8CCD}.Release|Any CPU.ActiveCfg = Release|Any CPU
		{7AC668B2-AC0B-431B-A793-00CADFFC8CCD}.Release|Any CPU.Build.0 = Release|Any CPU
	EndGlobalSection
	GlobalSection(SolutionProperties) = preSolution
		HideSolutionNode = FALSE
	EndGlobalSection
	GlobalSection(ExtensibilityGlobals) = postSolution
		SolutionGuid = {EE556F33-CE78-40F0-BA32-E403A854C16C}
	EndGlobalSection
EndGlobal
